// !$*UTF8*$!
{
	archiveVersion = 1;
	classes = {
	};
	objectVersion = 46;
	objects = {

/* Begin PBXBuildFile section */
		5328121314F5213100E6BB8A /* RandomIterator.h in Headers */ = {isa = PBXBuildFile; fileRef = 5328121114F5213100E6BB8A /* RandomIterator.h */; };
		5328121414F5213100E6BB8A /* RandomIterator.m in Sources */ = {isa = PBXBuildFile; fileRef = 5328121214F5213100E6BB8A /* RandomIterator.m */; };
		5328121514F5213100E6BB8A /* RandomIterator.m in Sources */ = {isa = PBXBuildFile; fileRef = 5328121214F5213100E6BB8A /* RandomIterator.m */; };
		53543B8D14F71F5800326078 /* Foundation.framework in Frameworks */ = {isa = PBXBuildFile; fileRef = 537D1C5814E9CEE400FAB625 /* Foundation.framework */; };
		53543B9814F71F6900326078 /* Stack.m in Sources */ = {isa = PBXBuildFile; fileRef = 537D1CB814EB0F0100FAB625 /* Stack.m */; };
		53543B9914F71F6E00326078 /* RandomIterator.m in Sources */ = {isa = PBXBuildFile; fileRef = 5328121214F5213100E6BB8A /* RandomIterator.m */; };
		53543B9A14F71F7200326078 /* CircularItemCursor.m in Sources */ = {isa = PBXBuildFile; fileRef = 53EDA9EC14F5B24500C01AEE /* CircularItemCursor.m */; };
		53543B9B14F71F7600326078 /* PreConditions.m in Sources */ = {isa = PBXBuildFile; fileRef = 537D1CAD14E9D04A00FAB625 /* PreConditions.m */; };
		536B0EDA14F966B5004F98EF /* DataManager.h in Headers */ = {isa = PBXBuildFile; fileRef = 536B0ED814F966B5004F98EF /* DataManager.h */; };
		536B0EDB14F966B5004F98EF /* DataManager.m in Sources */ = {isa = PBXBuildFile; fileRef = 536B0ED914F966B5004F98EF /* DataManager.m */; };
		536B0EDD14F96784004F98EF /* CoreData.framework in Frameworks */ = {isa = PBXBuildFile; fileRef = 536B0EDC14F96784004F98EF /* CoreData.framework */; };
		536B0EDE14F9679E004F98EF /* UIKit.framework in Frameworks */ = {isa = PBXBuildFile; fileRef = 537D1C5614E9CEE400FAB625 /* UIKit.framework */; };
		536B0EDF14F9690D004F98EF /* DataManager.m in Sources */ = {isa = PBXBuildFile; fileRef = 536B0ED914F966B5004F98EF /* DataManager.m */; };
		536B0EE814F9B879004F98EF /* AlertHelper.h in Headers */ = {isa = PBXBuildFile; fileRef = 536B0EE614F9B879004F98EF /* AlertHelper.h */; };
		536B0EE914F9B879004F98EF /* AlertHelper.m in Sources */ = {isa = PBXBuildFile; fileRef = 536B0EE714F9B879004F98EF /* AlertHelper.m */; };
		536B0EEA14F9B932004F98EF /* AlertHelper.m in Sources */ = {isa = PBXBuildFile; fileRef = 536B0EE714F9B879004F98EF /* AlertHelper.m */; };
		536B0EEC14F9BD87004F98EF /* CoreData.framework in Frameworks */ = {isa = PBXBuildFile; fileRef = 536B0EDC14F96784004F98EF /* CoreData.framework */; };
		536B0EEF14F9BDA4004F98EF /* Model.xcdatamodeld in Sources */ = {isa = PBXBuildFile; fileRef = 536B0EED14F9BDA4004F98EF /* Model.xcdatamodeld */; };
		536B0EF314F9BE18004F98EF /* DataManagerTest.m in Sources */ = {isa = PBXBuildFile; fileRef = 536B0EF214F9BE18004F98EF /* DataManagerTest.m */; };
		536B0EF714F9C03C004F98EF /* Sample.m in Sources */ = {isa = PBXBuildFile; fileRef = 536B0EF614F9C03C004F98EF /* Sample.m */; };
		537D1C5714E9CEE400FAB625 /* UIKit.framework in Frameworks */ = {isa = PBXBuildFile; fileRef = 537D1C5614E9CEE400FAB625 /* UIKit.framework */; };
		537D1C5914E9CEE400FAB625 /* Foundation.framework in Frameworks */ = {isa = PBXBuildFile; fileRef = 537D1C5814E9CEE400FAB625 /* Foundation.framework */; };
		537D1C5B14E9CEE400FAB625 /* CoreGraphics.framework in Frameworks */ = {isa = PBXBuildFile; fileRef = 537D1C5A14E9CEE400FAB625 /* CoreGraphics.framework */; };
		537D1C6114E9CEE400FAB625 /* InfoPlist.strings in Resources */ = {isa = PBXBuildFile; fileRef = 537D1C5F14E9CEE400FAB625 /* InfoPlist.strings */; };
		537D1C6314E9CEE400FAB625 /* main.m in Sources */ = {isa = PBXBuildFile; fileRef = 537D1C6214E9CEE400FAB625 /* main.m */; };
		537D1C6714E9CEE400FAB625 /* AppDelegate.m in Sources */ = {isa = PBXBuildFile; fileRef = 537D1C6614E9CEE400FAB625 /* AppDelegate.m */; };
		537D1C7E14E9CEF600FAB625 /* InfoPlist.strings in Resources */ = {isa = PBXBuildFile; fileRef = 537D1C7C14E9CEF600FAB625 /* InfoPlist.strings */; };
		537D1C8C14E9CF1400FAB625 /* UIKit.framework in Frameworks */ = {isa = PBXBuildFile; fileRef = 537D1C5614E9CEE400FAB625 /* UIKit.framework */; };
		537D1C8D14E9CF1400FAB625 /* Foundation.framework in Frameworks */ = {isa = PBXBuildFile; fileRef = 537D1C5814E9CEE400FAB625 /* Foundation.framework */; };
		537D1C8E14E9CF1400FAB625 /* CoreGraphics.framework in Frameworks */ = {isa = PBXBuildFile; fileRef = 537D1C5A14E9CEE400FAB625 /* CoreGraphics.framework */; };
		537D1C9414E9CF1400FAB625 /* InfoPlist.strings in Resources */ = {isa = PBXBuildFile; fileRef = 537D1C9214E9CF1400FAB625 /* InfoPlist.strings */; };
		537D1C9614E9CF1400FAB625 /* main.m in Sources */ = {isa = PBXBuildFile; fileRef = 537D1C9514E9CF1400FAB625 /* main.m */; };
		537D1CA814E9CF5600FAB625 /* GHUnitIOS.framework in Frameworks */ = {isa = PBXBuildFile; fileRef = 537D1CA714E9CF5600FAB625 /* GHUnitIOS.framework */; };
		537D1CAE14E9D04A00FAB625 /* PreConditions.h in Headers */ = {isa = PBXBuildFile; fileRef = 537D1CAC14E9D04A00FAB625 /* PreConditions.h */; };
		537D1CAF14E9D04A00FAB625 /* PreConditions.m in Sources */ = {isa = PBXBuildFile; fileRef = 537D1CAD14E9D04A00FAB625 /* PreConditions.m */; };
		537D1CB014E9D04A00FAB625 /* PreConditions.m in Sources */ = {isa = PBXBuildFile; fileRef = 537D1CAD14E9D04A00FAB625 /* PreConditions.m */; };
		537D1CB214E9D06200FAB625 /* PreConditionsTest.m in Sources */ = {isa = PBXBuildFile; fileRef = 537D1CB114E9D06200FAB625 /* PreConditionsTest.m */; };
		537D1CB414E9D1AE00FAB625 /* Foundation.framework in Frameworks */ = {isa = PBXBuildFile; fileRef = 537D1C5814E9CEE400FAB625 /* Foundation.framework */; };
		537D1CB914EB0F0100FAB625 /* Stack.h in Headers */ = {isa = PBXBuildFile; fileRef = 537D1CB714EB0F0100FAB625 /* Stack.h */; };
		537D1CBA14EB0F0100FAB625 /* Stack.m in Sources */ = {isa = PBXBuildFile; fileRef = 537D1CB814EB0F0100FAB625 /* Stack.m */; };
		537D1CBB14EB0F0100FAB625 /* Stack.m in Sources */ = {isa = PBXBuildFile; fileRef = 537D1CB814EB0F0100FAB625 /* Stack.m */; };
		537D1CBE14EB0FC700FAB625 /* StackTest.m in Sources */ = {isa = PBXBuildFile; fileRef = 537D1CBD14EB0FC700FAB625 /* StackTest.m */; };
		53EDA9E914F5395800C01AEE /* RandomIteratorTest.m in Sources */ = {isa = PBXBuildFile; fileRef = 53EDA9E814F5395800C01AEE /* RandomIteratorTest.m */; };
		53EDA9ED14F5B24500C01AEE /* CircularItemCursor.h in Headers */ = {isa = PBXBuildFile; fileRef = 53EDA9EB14F5B24500C01AEE /* CircularItemCursor.h */; };
		53EDA9EE14F5B24500C01AEE /* CircularItemCursor.m in Sources */ = {isa = PBXBuildFile; fileRef = 53EDA9EC14F5B24500C01AEE /* CircularItemCursor.m */; };
		53EDA9EF14F5B24500C01AEE /* CircularItemCursor.m in Sources */ = {isa = PBXBuildFile; fileRef = 53EDA9EC14F5B24500C01AEE /* CircularItemCursor.m */; };
		53EDA9F214F5C14800C01AEE /* CircularItemCursorTest.m in Sources */ = {isa = PBXBuildFile; fileRef = 53EDA9F114F5C14800C01AEE /* CircularItemCursorTest.m */; };
/* End PBXBuildFile section */

/* Begin PBXFileReference section */
		5328121114F5213100E6BB8A /* RandomIterator.h */ = {isa = PBXFileReference; fileEncoding = 4; lastKnownFileType = sourcecode.c.h; path = RandomIterator.h; sourceTree = "<group>"; };
		5328121214F5213100E6BB8A /* RandomIterator.m */ = {isa = PBXFileReference; fileEncoding = 4; lastKnownFileType = sourcecode.c.objc; path = RandomIterator.m; sourceTree = "<group>"; };
		53543B8C14F71F5800326078 /* libInternIOS.a */ = {isa = PBXFileReference; explicitFileType = archive.ar; includeInIndex = 0; path = libInternIOS.a; sourceTree = BUILT_PRODUCTS_DIR; };
		53543B9014F71F5800326078 /* InternIOS-Prefix.pch */ = {isa = PBXFileReference; lastKnownFileType = sourcecode.c.h; path = "InternIOS-Prefix.pch"; sourceTree = "<group>"; };
		536B0ED814F966B5004F98EF /* DataManager.h */ = {isa = PBXFileReference; fileEncoding = 4; lastKnownFileType = sourcecode.c.h; path = DataManager.h; sourceTree = "<group>"; };
		536B0ED914F966B5004F98EF /* DataManager.m */ = {isa = PBXFileReference; fileEncoding = 4; lastKnownFileType = sourcecode.c.objc; path = DataManager.m; sourceTree = "<group>"; };
		536B0EDC14F96784004F98EF /* CoreData.framework */ = {isa = PBXFileReference; lastKnownFileType = wrapper.framework; name = CoreData.framework; path = System/Library/Frameworks/CoreData.framework; sourceTree = SDKROOT; };
		536B0EE514F9B02C004F98EF /* en */ = {isa = PBXFileReference; lastKnownFileType = text.plist.strings; name = en; path = InfoPlist.strings; sourceTree = "<group>"; };
		536B0EE614F9B879004F98EF /* AlertHelper.h */ = {isa = PBXFileReference; fileEncoding = 4; lastKnownFileType = sourcecode.c.h; path = AlertHelper.h; sourceTree = "<group>"; };
		536B0EE714F9B879004F98EF /* AlertHelper.m */ = {isa = PBXFileReference; fileEncoding = 4; lastKnownFileType = sourcecode.c.objc; path = AlertHelper.m; sourceTree = "<group>"; };
		536B0EEE14F9BDA4004F98EF /* Model.xcdatamodel */ = {isa = PBXFileReference; lastKnownFileType = wrapper.xcdatamodel; path = Model.xcdatamodel; sourceTree = "<group>"; };
		536B0EF214F9BE18004F98EF /* DataManagerTest.m */ = {isa = PBXFileReference; fileEncoding = 4; lastKnownFileType = sourcecode.c.objc; path = DataManagerTest.m; sourceTree = "<group>"; };
		536B0EF514F9C03C004F98EF /* Sample.h */ = {isa = PBXFileReference; fileEncoding = 4; lastKnownFileType = sourcecode.c.h; path = Sample.h; sourceTree = "<group>"; };
		536B0EF614F9C03C004F98EF /* Sample.m */ = {isa = PBXFileReference; fileEncoding = 4; lastKnownFileType = sourcecode.c.objc; path = Sample.m; sourceTree = "<group>"; };
		537D1C5214E9CEE400FAB625 /* intern-ios.app */ = {isa = PBXFileReference; explicitFileType = wrapper.application; includeInIndex = 0; path = "intern-ios.app"; sourceTree = BUILT_PRODUCTS_DIR; };
		537D1C5614E9CEE400FAB625 /* UIKit.framework */ = {isa = PBXFileReference; lastKnownFileType = wrapper.framework; name = UIKit.framework; path = System/Library/Frameworks/UIKit.framework; sourceTree = SDKROOT; };
		537D1C5814E9CEE400FAB625 /* Foundation.framework */ = {isa = PBXFileReference; lastKnownFileType = wrapper.framework; name = Foundation.framework; path = System/Library/Frameworks/Foundation.framework; sourceTree = SDKROOT; };
		537D1C5A14E9CEE400FAB625 /* CoreGraphics.framework */ = {isa = PBXFileReference; lastKnownFileType = wrapper.framework; name = CoreGraphics.framework; path = System/Library/Frameworks/CoreGraphics.framework; sourceTree = SDKROOT; };
		537D1C5E14E9CEE400FAB625 /* intern-ios-Info.plist */ = {isa = PBXFileReference; lastKnownFileType = text.plist.xml; path = "intern-ios-Info.plist"; sourceTree = "<group>"; };
		537D1C6014E9CEE400FAB625 /* en */ = {isa = PBXFileReference; lastKnownFileType = text.plist.strings; name = en; path = en.lproj/InfoPlist.strings; sourceTree = "<group>"; };
		537D1C6214E9CEE400FAB625 /* main.m */ = {isa = PBXFileReference; lastKnownFileType = sourcecode.c.objc; path = main.m; sourceTree = "<group>"; };
		537D1C6414E9CEE400FAB625 /* intern-ios-Prefix.pch */ = {isa = PBXFileReference; lastKnownFileType = sourcecode.c.h; path = "intern-ios-Prefix.pch"; sourceTree = "<group>"; };
		537D1C6514E9CEE400FAB625 /* AppDelegate.h */ = {isa = PBXFileReference; lastKnownFileType = sourcecode.c.h; path = AppDelegate.h; sourceTree = "<group>"; };
		537D1C6614E9CEE400FAB625 /* AppDelegate.m */ = {isa = PBXFileReference; lastKnownFileType = sourcecode.c.objc; path = AppDelegate.m; sourceTree = "<group>"; };
		537D1C7214E9CEF600FAB625 /* Intern.framework */ = {isa = PBXFileReference; explicitFileType = wrapper.framework; includeInIndex = 0; path = Intern.framework; sourceTree = BUILT_PRODUCTS_DIR; };
		537D1C7614E9CEF600FAB625 /* AppKit.framework */ = {isa = PBXFileReference; lastKnownFileType = wrapper.framework; name = AppKit.framework; path = Library/Frameworks/AppKit.framework; sourceTree = SDKROOT; };
		537D1C7714E9CEF600FAB625 /* CoreData.framework */ = {isa = PBXFileReference; lastKnownFileType = wrapper.framework; name = CoreData.framework; path = Library/Frameworks/CoreData.framework; sourceTree = SDKROOT; };
		537D1C7814E9CEF600FAB625 /* Foundation.framework */ = {isa = PBXFileReference; lastKnownFileType = wrapper.framework; name = Foundation.framework; path = Library/Frameworks/Foundation.framework; sourceTree = SDKROOT; };
		537D1C7B14E9CEF600FAB625 /* Intern-Info.plist */ = {isa = PBXFileReference; lastKnownFileType = text.plist.xml; path = "Intern-Info.plist"; sourceTree = "<group>"; };
		537D1C7D14E9CEF600FAB625 /* en */ = {isa = PBXFileReference; lastKnownFileType = text.plist.strings; name = en; path = en.lproj/InfoPlist.strings; sourceTree = "<group>"; };
		537D1C7F14E9CEF600FAB625 /* Intern-Prefix.pch */ = {isa = PBXFileReference; lastKnownFileType = sourcecode.c.h; path = "Intern-Prefix.pch"; sourceTree = "<group>"; };
		537D1C8A14E9CF1400FAB625 /* UnitTests.app */ = {isa = PBXFileReference; explicitFileType = wrapper.application; includeInIndex = 0; path = UnitTests.app; sourceTree = BUILT_PRODUCTS_DIR; };
		537D1C9114E9CF1400FAB625 /* UnitTests-Info.plist */ = {isa = PBXFileReference; lastKnownFileType = text.plist.xml; path = "UnitTests-Info.plist"; sourceTree = "<group>"; };
		537D1C9314E9CF1400FAB625 /* en */ = {isa = PBXFileReference; lastKnownFileType = text.plist.strings; name = en; path = en.lproj/InfoPlist.strings; sourceTree = "<group>"; };
		537D1C9514E9CF1400FAB625 /* main.m */ = {isa = PBXFileReference; lastKnownFileType = sourcecode.c.objc; path = main.m; sourceTree = "<group>"; };
		537D1C9714E9CF1400FAB625 /* UnitTests-Prefix.pch */ = {isa = PBXFileReference; lastKnownFileType = sourcecode.c.h; path = "UnitTests-Prefix.pch"; sourceTree = "<group>"; };
		537D1CA714E9CF5600FAB625 /* GHUnitIOS.framework */ = {isa = PBXFileReference; lastKnownFileType = wrapper.framework; name = GHUnitIOS.framework; path = lib/GHUnitIOS.framework; sourceTree = "<group>"; };
		537D1CAC14E9D04A00FAB625 /* PreConditions.h */ = {isa = PBXFileReference; fileEncoding = 4; lastKnownFileType = sourcecode.c.h; path = PreConditions.h; sourceTree = "<group>"; };
		537D1CAD14E9D04A00FAB625 /* PreConditions.m */ = {isa = PBXFileReference; fileEncoding = 4; lastKnownFileType = sourcecode.c.objc; path = PreConditions.m; sourceTree = "<group>"; };
		537D1CB114E9D06200FAB625 /* PreConditionsTest.m */ = {isa = PBXFileReference; fileEncoding = 4; lastKnownFileType = sourcecode.c.objc; path = PreConditionsTest.m; sourceTree = "<group>"; };
		537D1CB714EB0F0100FAB625 /* Stack.h */ = {isa = PBXFileReference; fileEncoding = 4; lastKnownFileType = sourcecode.c.h; path = Stack.h; sourceTree = "<group>"; };
		537D1CB814EB0F0100FAB625 /* Stack.m */ = {isa = PBXFileReference; fileEncoding = 4; lastKnownFileType = sourcecode.c.objc; path = Stack.m; sourceTree = "<group>"; };
		537D1CBD14EB0FC700FAB625 /* StackTest.m */ = {isa = PBXFileReference; fileEncoding = 4; lastKnownFileType = sourcecode.c.objc; path = StackTest.m; sourceTree = "<group>"; };
		53EDA9E814F5395800C01AEE /* RandomIteratorTest.m */ = {isa = PBXFileReference; fileEncoding = 4; lastKnownFileType = sourcecode.c.objc; path = RandomIteratorTest.m; sourceTree = "<group>"; };
		53EDA9EB14F5B24500C01AEE /* CircularItemCursor.h */ = {isa = PBXFileReference; fileEncoding = 4; lastKnownFileType = sourcecode.c.h; path = CircularItemCursor.h; sourceTree = "<group>"; };
		53EDA9EC14F5B24500C01AEE /* CircularItemCursor.m */ = {isa = PBXFileReference; fileEncoding = 4; lastKnownFileType = sourcecode.c.objc; path = CircularItemCursor.m; sourceTree = "<group>"; };
		53EDA9F114F5C14800C01AEE /* CircularItemCursorTest.m */ = {isa = PBXFileReference; fileEncoding = 4; lastKnownFileType = sourcecode.c.objc; path = CircularItemCursorTest.m; sourceTree = "<group>"; };
/* End PBXFileReference section */

/* Begin PBXFrameworksBuildPhase section */
		53543B8914F71F5800326078 /* Frameworks */ = {
			isa = PBXFrameworksBuildPhase;
			buildActionMask = 2147483647;
			files = (
				536B0EDE14F9679E004F98EF /* UIKit.framework in Frameworks */,
				536B0EDD14F96784004F98EF /* CoreData.framework in Frameworks */,
				53543B8D14F71F5800326078 /* Foundation.framework in Frameworks */,
			);
			runOnlyForDeploymentPostprocessing = 0;
		};
		537D1C4F14E9CEE400FAB625 /* Frameworks */ = {
			isa = PBXFrameworksBuildPhase;
			buildActionMask = 2147483647;
			files = (
				537D1C5714E9CEE400FAB625 /* UIKit.framework in Frameworks */,
				537D1C5914E9CEE400FAB625 /* Foundation.framework in Frameworks */,
				537D1C5B14E9CEE400FAB625 /* CoreGraphics.framework in Frameworks */,
			);
			runOnlyForDeploymentPostprocessing = 0;
		};
		537D1C6E14E9CEF600FAB625 /* Frameworks */ = {
			isa = PBXFrameworksBuildPhase;
			buildActionMask = 2147483647;
			files = (
				537D1CB414E9D1AE00FAB625 /* Foundation.framework in Frameworks */,
			);
			runOnlyForDeploymentPostprocessing = 0;
		};
		537D1C8714E9CF1400FAB625 /* Frameworks */ = {
			isa = PBXFrameworksBuildPhase;
			buildActionMask = 2147483647;
			files = (
				536B0EEC14F9BD87004F98EF /* CoreData.framework in Frameworks */,
				537D1C8C14E9CF1400FAB625 /* UIKit.framework in Frameworks */,
				537D1C8D14E9CF1400FAB625 /* Foundation.framework in Frameworks */,
				537D1C8E14E9CF1400FAB625 /* CoreGraphics.framework in Frameworks */,
				537D1CA814E9CF5600FAB625 /* GHUnitIOS.framework in Frameworks */,
			);
			runOnlyForDeploymentPostprocessing = 0;
		};
/* End PBXFrameworksBuildPhase section */

/* Begin PBXGroup section */
		53543B8E14F71F5800326078 /* InternIOS */ = {
			isa = PBXGroup;
			children = (
				53543B8F14F71F5800326078 /* Supporting Files */,
				536B0EE114F97015004F98EF /* data */,
				536B0EEB14F9BD4D004F98EF /* view */,
			);
			path = InternIOS;
			sourceTree = "<group>";
		};
		53543B8F14F71F5800326078 /* Supporting Files */ = {
			isa = PBXGroup;
			children = (
				53543B9014F71F5800326078 /* InternIOS-Prefix.pch */,
			);
			name = "Supporting Files";
			sourceTree = "<group>";
		};
		536B0EE114F97015004F98EF /* data */ = {
			isa = PBXGroup;
			children = (
				536B0ED814F966B5004F98EF /* DataManager.h */,
				536B0ED914F966B5004F98EF /* DataManager.m */,
			);
			name = data;
			sourceTree = "<group>";
		};
		536B0EE314F9B02C004F98EF /* en.lproj */ = {
			isa = PBXGroup;
			children = (
				536B0EE414F9B02C004F98EF /* InfoPlist.strings */,
			);
			name = en.lproj;
			path = "intern-ios/en.lproj";
			sourceTree = "<group>";
		};
		536B0EEB14F9BD4D004F98EF /* view */ = {
			isa = PBXGroup;
			children = (
				536B0EE614F9B879004F98EF /* AlertHelper.h */,
				536B0EE714F9B879004F98EF /* AlertHelper.m */,
			);
			name = view;
			sourceTree = "<group>";
		};
		536B0EF014F9BDCF004F98EF /* data */ = {
			isa = PBXGroup;
			children = (
				536B0EF214F9BE18004F98EF /* DataManagerTest.m */,
			);
			name = data;
			sourceTree = "<group>";
		};
		536B0EF414F9BEB4004F98EF /* domain */ = {
			isa = PBXGroup;
			children = (
				536B0EF514F9C03C004F98EF /* Sample.h */,
				536B0EF614F9C03C004F98EF /* Sample.m */,
			);
			name = domain;
			sourceTree = "<group>";
		};
		537D1C4714E9CEE400FAB625 = {
			isa = PBXGroup;
			children = (
				536B0EE314F9B02C004F98EF /* en.lproj */,
				536B0EDC14F96784004F98EF /* CoreData.framework */,
				537D1C7914E9CEF600FAB625 /* Intern */,
				537D1C5C14E9CEE400FAB625 /* intern-ios */,
				537D1C8F14E9CF1400FAB625 /* UnitTests */,
				53543B8E14F71F5800326078 /* InternIOS */,
				537D1C5514E9CEE400FAB625 /* Frameworks */,
				537D1C5314E9CEE400FAB625 /* Products */,
			);
			sourceTree = "<group>";
		};
		537D1C5314E9CEE400FAB625 /* Products */ = {
			isa = PBXGroup;
			children = (
				537D1C5214E9CEE400FAB625 /* intern-ios.app */,
				537D1C7214E9CEF600FAB625 /* Intern.framework */,
				537D1C8A14E9CF1400FAB625 /* UnitTests.app */,
				53543B8C14F71F5800326078 /* libInternIOS.a */,
			);
			name = Products;
			sourceTree = "<group>";
		};
		537D1C5514E9CEE400FAB625 /* Frameworks */ = {
			isa = PBXGroup;
			children = (
				537D1CA714E9CF5600FAB625 /* GHUnitIOS.framework */,
				537D1C5614E9CEE400FAB625 /* UIKit.framework */,
				537D1C5814E9CEE400FAB625 /* Foundation.framework */,
				537D1C5A14E9CEE400FAB625 /* CoreGraphics.framework */,
				537D1C7514E9CEF600FAB625 /* Other Frameworks */,
			);
			name = Frameworks;
			sourceTree = "<group>";
		};
		537D1C5C14E9CEE400FAB625 /* intern-ios */ = {
			isa = PBXGroup;
			children = (
				537D1C6514E9CEE400FAB625 /* AppDelegate.h */,
				537D1C6614E9CEE400FAB625 /* AppDelegate.m */,
				537D1C5D14E9CEE400FAB625 /* Supporting Files */,
			);
			path = "intern-ios";
			sourceTree = "<group>";
		};
		537D1C5D14E9CEE400FAB625 /* Supporting Files */ = {
			isa = PBXGroup;
			children = (
				537D1C5E14E9CEE400FAB625 /* intern-ios-Info.plist */,
				537D1C5F14E9CEE400FAB625 /* InfoPlist.strings */,
				537D1C6214E9CEE400FAB625 /* main.m */,
				537D1C6414E9CEE400FAB625 /* intern-ios-Prefix.pch */,
			);
			name = "Supporting Files";
			sourceTree = "<group>";
		};
		537D1C7514E9CEF600FAB625 /* Other Frameworks */ = {
			isa = PBXGroup;
			children = (
				537D1C7614E9CEF600FAB625 /* AppKit.framework */,
				537D1C7714E9CEF600FAB625 /* CoreData.framework */,
				537D1C7814E9CEF600FAB625 /* Foundation.framework */,
			);
			name = "Other Frameworks";
			sourceTree = "<group>";
		};
		537D1C7914E9CEF600FAB625 /* Intern */ = {
			isa = PBXGroup;
			children = (
				537D1CB614EB0E7200FAB625 /* ds */,
				537D1CAB14E9D03300FAB625 /* basic */,
				537D1C7A14E9CEF600FAB625 /* Supporting Files */,
			);
			path = Intern;
			sourceTree = "<group>";
		};
		537D1C7A14E9CEF600FAB625 /* Supporting Files */ = {
			isa = PBXGroup;
			children = (
				537D1C7B14E9CEF600FAB625 /* Intern-Info.plist */,
				537D1C7C14E9CEF600FAB625 /* InfoPlist.strings */,
				537D1C7F14E9CEF600FAB625 /* Intern-Prefix.pch */,
			);
			name = "Supporting Files";
			sourceTree = "<group>";
		};
		537D1C8F14E9CF1400FAB625 /* UnitTests */ = {
			isa = PBXGroup;
			children = (
				536B0EF414F9BEB4004F98EF /* domain */,
				536B0EF014F9BDCF004F98EF /* data */,
				537D1CBC14EB0F1800FAB625 /* ds */,
				537D1CAA14E9D01800FAB625 /* basic */,
				537D1C9014E9CF1400FAB625 /* Supporting Files */,
				536B0EED14F9BDA4004F98EF /* Model.xcdatamodeld */,
			);
			path = UnitTests;
			sourceTree = "<group>";
		};
		537D1C9014E9CF1400FAB625 /* Supporting Files */ = {
			isa = PBXGroup;
			children = (
				537D1C9114E9CF1400FAB625 /* UnitTests-Info.plist */,
				537D1C9214E9CF1400FAB625 /* InfoPlist.strings */,
				537D1C9514E9CF1400FAB625 /* main.m */,
				537D1C9714E9CF1400FAB625 /* UnitTests-Prefix.pch */,
			);
			name = "Supporting Files";
			sourceTree = "<group>";
		};
		537D1CAA14E9D01800FAB625 /* basic */ = {
			isa = PBXGroup;
			children = (
				537D1CB114E9D06200FAB625 /* PreConditionsTest.m */,
			);
			name = basic;
			sourceTree = "<group>";
		};
		537D1CAB14E9D03300FAB625 /* basic */ = {
			isa = PBXGroup;
			children = (
				537D1CAC14E9D04A00FAB625 /* PreConditions.h */,
				537D1CAD14E9D04A00FAB625 /* PreConditions.m */,
			);
			name = basic;
			sourceTree = "<group>";
		};
		537D1CB614EB0E7200FAB625 /* ds */ = {
			isa = PBXGroup;
			children = (
				537D1CB714EB0F0100FAB625 /* Stack.h */,
				537D1CB814EB0F0100FAB625 /* Stack.m */,
				5328121114F5213100E6BB8A /* RandomIterator.h */,
				5328121214F5213100E6BB8A /* RandomIterator.m */,
				53EDA9EB14F5B24500C01AEE /* CircularItemCursor.h */,
				53EDA9EC14F5B24500C01AEE /* CircularItemCursor.m */,
			);
			name = ds;
			sourceTree = "<group>";
		};
		537D1CBC14EB0F1800FAB625 /* ds */ = {
			isa = PBXGroup;
			children = (
				537D1CBD14EB0FC700FAB625 /* StackTest.m */,
				53EDA9E814F5395800C01AEE /* RandomIteratorTest.m */,
				53EDA9F114F5C14800C01AEE /* CircularItemCursorTest.m */,
			);
			name = ds;
			sourceTree = "<group>";
		};
/* End PBXGroup section */

/* Begin PBXHeadersBuildPhase section */
		53543B8A14F71F5800326078 /* Headers */ = {
			isa = PBXHeadersBuildPhase;
			buildActionMask = 2147483647;
			files = (
				536B0EDA14F966B5004F98EF /* DataManager.h in Headers */,
				536B0EE814F9B879004F98EF /* AlertHelper.h in Headers */,
			);
			runOnlyForDeploymentPostprocessing = 0;
		};
		537D1C6F14E9CEF600FAB625 /* Headers */ = {
			isa = PBXHeadersBuildPhase;
			buildActionMask = 2147483647;
			files = (
				537D1CAE14E9D04A00FAB625 /* PreConditions.h in Headers */,
				537D1CB914EB0F0100FAB625 /* Stack.h in Headers */,
				5328121314F5213100E6BB8A /* RandomIterator.h in Headers */,
				53EDA9ED14F5B24500C01AEE /* CircularItemCursor.h in Headers */,
			);
			runOnlyForDeploymentPostprocessing = 0;
		};
/* End PBXHeadersBuildPhase section */

/* Begin PBXNativeTarget section */
		53543B8B14F71F5800326078 /* InternIOS */ = {
			isa = PBXNativeTarget;
			buildConfigurationList = 53543B9614F71F5800326078 /* Build configuration list for PBXNativeTarget "InternIOS" */;
			buildPhases = (
				53543B8814F71F5800326078 /* Sources */,
				53543B8914F71F5800326078 /* Frameworks */,
				53543B8A14F71F5800326078 /* Headers */,
			);
			buildRules = (
			);
			dependencies = (
			);
			name = InternIOS;
			productName = InternIOS;
			productReference = 53543B8C14F71F5800326078 /* libInternIOS.a */;
			productType = "com.apple.product-type.library.static";
		};
		537D1C5114E9CEE400FAB625 /* intern-ios */ = {
			isa = PBXNativeTarget;
			buildConfigurationList = 537D1C6A14E9CEE400FAB625 /* Build configuration list for PBXNativeTarget "intern-ios" */;
			buildPhases = (
				537D1C4E14E9CEE400FAB625 /* Sources */,
				537D1C4F14E9CEE400FAB625 /* Frameworks */,
				537D1C5014E9CEE400FAB625 /* Resources */,
			);
			buildRules = (
			);
			dependencies = (
			);
			name = "intern-ios";
			productName = "intern-ios";
			productReference = 537D1C5214E9CEE400FAB625 /* intern-ios.app */;
			productType = "com.apple.product-type.application";
		};
		537D1C7114E9CEF600FAB625 /* Intern */ = {
			isa = PBXNativeTarget;
			buildConfigurationList = 537D1C8314E9CEF600FAB625 /* Build configuration list for PBXNativeTarget "Intern" */;
			buildPhases = (
				537D1C6D14E9CEF600FAB625 /* Sources */,
				537D1C6E14E9CEF600FAB625 /* Frameworks */,
				537D1C6F14E9CEF600FAB625 /* Headers */,
				537D1C7014E9CEF600FAB625 /* Resources */,
			);
			buildRules = (
			);
			dependencies = (
			);
			name = Intern;
			productName = Intern;
			productReference = 537D1C7214E9CEF600FAB625 /* Intern.framework */;
			productType = "com.apple.product-type.framework";
		};
		537D1C8914E9CF1400FAB625 /* UnitTests */ = {
			isa = PBXNativeTarget;
			buildConfigurationList = 537D1CA414E9CF1400FAB625 /* Build configuration list for PBXNativeTarget "UnitTests" */;
			buildPhases = (
				537D1C8614E9CF1400FAB625 /* Sources */,
				537D1C8714E9CF1400FAB625 /* Frameworks */,
				537D1C8814E9CF1400FAB625 /* Resources */,
				537D1CB514E9D22B00FAB625 /* ShellScript */,
			);
			buildRules = (
			);
			dependencies = (
			);
			name = UnitTests;
			productName = UnitTests;
			productReference = 537D1C8A14E9CF1400FAB625 /* UnitTests.app */;
			productType = "com.apple.product-type.application";
		};
/* End PBXNativeTarget section */

/* Begin PBXProject section */
		537D1C4914E9CEE400FAB625 /* Project object */ = {
			isa = PBXProject;
			attributes = {
				LastUpgradeCheck = 0420;
			};
			buildConfigurationList = 537D1C4C14E9CEE400FAB625 /* Build configuration list for PBXProject "intern-ios" */;
			compatibilityVersion = "Xcode 3.2";
			developmentRegion = English;
			hasScannedForEncodings = 0;
			knownRegions = (
				en,
			);
			mainGroup = 537D1C4714E9CEE400FAB625;
			productRefGroup = 537D1C5314E9CEE400FAB625 /* Products */;
			projectDirPath = "";
			projectRoot = "";
			targets = (
				537D1C5114E9CEE400FAB625 /* intern-ios */,
				537D1C7114E9CEF600FAB625 /* Intern */,
				537D1C8914E9CF1400FAB625 /* UnitTests */,
				53543B8B14F71F5800326078 /* InternIOS */,
			);
		};
/* End PBXProject section */

/* Begin PBXResourcesBuildPhase section */
		537D1C5014E9CEE400FAB625 /* Resources */ = {
			isa = PBXResourcesBuildPhase;
			buildActionMask = 2147483647;
			files = (
				537D1C6114E9CEE400FAB625 /* InfoPlist.strings in Resources */,
			);
			runOnlyForDeploymentPostprocessing = 0;
		};
		537D1C7014E9CEF600FAB625 /* Resources */ = {
			isa = PBXResourcesBuildPhase;
			buildActionMask = 2147483647;
			files = (
				537D1C7E14E9CEF600FAB625 /* InfoPlist.strings in Resources */,
			);
			runOnlyForDeploymentPostprocessing = 0;
		};
		537D1C8814E9CF1400FAB625 /* Resources */ = {
			isa = PBXResourcesBuildPhase;
			buildActionMask = 2147483647;
			files = (
				537D1C9414E9CF1400FAB625 /* InfoPlist.strings in Resources */,
			);
			runOnlyForDeploymentPostprocessing = 0;
		};
/* End PBXResourcesBuildPhase section */

/* Begin PBXShellScriptBuildPhase section */
		537D1CB514E9D22B00FAB625 /* ShellScript */ = {
			isa = PBXShellScriptBuildPhase;
			buildActionMask = 2147483647;
			files = (
			);
			inputPaths = (
			);
			outputPaths = (
			);
			runOnlyForDeploymentPostprocessing = 0;
			shellPath = /bin/sh;
			shellScript = "sh RunTests.sh";
		};
/* End PBXShellScriptBuildPhase section */

/* Begin PBXSourcesBuildPhase section */
		53543B8814F71F5800326078 /* Sources */ = {
			isa = PBXSourcesBuildPhase;
			buildActionMask = 2147483647;
			files = (
				53543B9814F71F6900326078 /* Stack.m in Sources */,
				53543B9914F71F6E00326078 /* RandomIterator.m in Sources */,
				53543B9A14F71F7200326078 /* CircularItemCursor.m in Sources */,
				53543B9B14F71F7600326078 /* PreConditions.m in Sources */,
				536B0EDB14F966B5004F98EF /* DataManager.m in Sources */,
				536B0EE914F9B879004F98EF /* AlertHelper.m in Sources */,
			);
			runOnlyForDeploymentPostprocessing = 0;
		};
		537D1C4E14E9CEE400FAB625 /* Sources */ = {
			isa = PBXSourcesBuildPhase;
			buildActionMask = 2147483647;
			files = (
				537D1C6314E9CEE400FAB625 /* main.m in Sources */,
				537D1C6714E9CEE400FAB625 /* AppDelegate.m in Sources */,
			);
			runOnlyForDeploymentPostprocessing = 0;
		};
		537D1C6D14E9CEF600FAB625 /* Sources */ = {
			isa = PBXSourcesBuildPhase;
			buildActionMask = 2147483647;
			files = (
				537D1CAF14E9D04A00FAB625 /* PreConditions.m in Sources */,
				537D1CBA14EB0F0100FAB625 /* Stack.m in Sources */,
				5328121414F5213100E6BB8A /* RandomIterator.m in Sources */,
				53EDA9EE14F5B24500C01AEE /* CircularItemCursor.m in Sources */,
			);
			runOnlyForDeploymentPostprocessing = 0;
		};
		537D1C8614E9CF1400FAB625 /* Sources */ = {
			isa = PBXSourcesBuildPhase;
			buildActionMask = 2147483647;
			files = (
				537D1C9614E9CF1400FAB625 /* main.m in Sources */,
				537D1CB014E9D04A00FAB625 /* PreConditions.m in Sources */,
				537D1CB214E9D06200FAB625 /* PreConditionsTest.m in Sources */,
				537D1CBB14EB0F0100FAB625 /* Stack.m in Sources */,
				537D1CBE14EB0FC700FAB625 /* StackTest.m in Sources */,
				5328121514F5213100E6BB8A /* RandomIterator.m in Sources */,
				53EDA9E914F5395800C01AEE /* RandomIteratorTest.m in Sources */,
				53EDA9EF14F5B24500C01AEE /* CircularItemCursor.m in Sources */,
				53EDA9F214F5C14800C01AEE /* CircularItemCursorTest.m in Sources */,
				536B0EDF14F9690D004F98EF /* DataManager.m in Sources */,
				536B0EEA14F9B932004F98EF /* AlertHelper.m in Sources */,
				536B0EEF14F9BDA4004F98EF /* Model.xcdatamodeld in Sources */,
				536B0EF314F9BE18004F98EF /* DataManagerTest.m in Sources */,
				536B0EF714F9C03C004F98EF /* Sample.m in Sources */,
			);
			runOnlyForDeploymentPostprocessing = 0;
		};
/* End PBXSourcesBuildPhase section */

/* Begin PBXVariantGroup section */
		536B0EE414F9B02C004F98EF /* InfoPlist.strings */ = {
			isa = PBXVariantGroup;
			children = (
				536B0EE514F9B02C004F98EF /* en */,
			);
			name = InfoPlist.strings;
			sourceTree = "<group>";
		};
		537D1C5F14E9CEE400FAB625 /* InfoPlist.strings */ = {
			isa = PBXVariantGroup;
			children = (
				537D1C6014E9CEE400FAB625 /* en */,
			);
			name = InfoPlist.strings;
			sourceTree = "<group>";
		};
		537D1C7C14E9CEF600FAB625 /* InfoPlist.strings */ = {
			isa = PBXVariantGroup;
			children = (
				537D1C7D14E9CEF600FAB625 /* en */,
			);
			name = InfoPlist.strings;
			sourceTree = "<group>";
		};
		537D1C9214E9CF1400FAB625 /* InfoPlist.strings */ = {
			isa = PBXVariantGroup;
			children = (
				537D1C9314E9CF1400FAB625 /* en */,
			);
			name = InfoPlist.strings;
			sourceTree = "<group>";
		};
/* End PBXVariantGroup section */

/* Begin XCBuildConfiguration section */
		53543B9414F71F5800326078 /* Debug */ = {
			isa = XCBuildConfiguration;
			buildSettings = {
				DSTROOT = /tmp/InternIOS.dst;
				GCC_PRECOMPILE_PREFIX_HEADER = YES;
				GCC_PREFIX_HEADER = "InternIOS/InternIOS-Prefix.pch";
				OTHER_LDFLAGS = "-ObjC";
				PRODUCT_NAME = "$(TARGET_NAME)";
				SKIP_INSTALL = YES;
			};
			name = Debug;
		};
		53543B9514F71F5800326078 /* Release */ = {
			isa = XCBuildConfiguration;
			buildSettings = {
				DSTROOT = /tmp/InternIOS.dst;
				GCC_PRECOMPILE_PREFIX_HEADER = YES;
				GCC_PREFIX_HEADER = "InternIOS/InternIOS-Prefix.pch";
				OTHER_LDFLAGS = "-ObjC";
				PRODUCT_NAME = "$(TARGET_NAME)";
				SKIP_INSTALL = YES;
			};
			name = Release;
		};
		537D1C6814E9CEE400FAB625 /* Debug */ = {
			isa = XCBuildConfiguration;
			buildSettings = {
				ALWAYS_SEARCH_USER_PATHS = NO;
				ARCHS = "$(ARCHS_STANDARD_32_BIT)";
				CLANG_ENABLE_OBJC_ARC = YES;
				"CODE_SIGN_IDENTITY[sdk=iphoneos*]" = "iPhone Developer";
				COPY_PHASE_STRIP = NO;
				GCC_C_LANGUAGE_STANDARD = gnu99;
				GCC_DYNAMIC_NO_PIC = NO;
				GCC_OPTIMIZATION_LEVEL = 0;
				GCC_PREPROCESSOR_DEFINITIONS = (
					"DEBUG=1",
					"$(inherited)",
				);
				GCC_SYMBOLS_PRIVATE_EXTERN = NO;
				GCC_VERSION = com.apple.compilers.llvm.clang.1_0;
				GCC_WARN_ABOUT_MISSING_PROTOTYPES = YES;
				GCC_WARN_ABOUT_RETURN_TYPE = YES;
				GCC_WARN_UNUSED_VARIABLE = YES;
				IPHONEOS_DEPLOYMENT_TARGET = 5.0;
				SDKROOT = iphoneos;
				TARGETED_DEVICE_FAMILY = "1,2";
			};
			name = Debug;
		};
		537D1C6914E9CEE400FAB625 /* Release */ = {
			isa = XCBuildConfiguration;
			buildSettings = {
				ALWAYS_SEARCH_USER_PATHS = NO;
				ARCHS = "$(ARCHS_STANDARD_32_BIT)";
				CLANG_ENABLE_OBJC_ARC = YES;
				"CODE_SIGN_IDENTITY[sdk=iphoneos*]" = "iPhone Developer";
				COPY_PHASE_STRIP = YES;
				GCC_C_LANGUAGE_STANDARD = gnu99;
				GCC_VERSION = com.apple.compilers.llvm.clang.1_0;
				GCC_WARN_ABOUT_MISSING_PROTOTYPES = YES;
				GCC_WARN_ABOUT_RETURN_TYPE = YES;
				GCC_WARN_UNUSED_VARIABLE = YES;
				IPHONEOS_DEPLOYMENT_TARGET = 5.0;
				OTHER_CFLAGS = "-DNS_BLOCK_ASSERTIONS=1";
				SDKROOT = iphoneos;
				TARGETED_DEVICE_FAMILY = "1,2";
				VALIDATE_PRODUCT = YES;
			};
			name = Release;
		};
		537D1C6B14E9CEE400FAB625 /* Debug */ = {
			isa = XCBuildConfiguration;
			buildSettings = {
				GCC_PRECOMPILE_PREFIX_HEADER = YES;
				GCC_PREFIX_HEADER = "intern-ios/intern-ios-Prefix.pch";
				INFOPLIST_FILE = "intern-ios/intern-ios-Info.plist";
				PRODUCT_NAME = "$(TARGET_NAME)";
				WRAPPER_EXTENSION = app;
			};
			name = Debug;
		};
		537D1C6C14E9CEE400FAB625 /* Release */ = {
			isa = XCBuildConfiguration;
			buildSettings = {
				GCC_PRECOMPILE_PREFIX_HEADER = YES;
				GCC_PREFIX_HEADER = "intern-ios/intern-ios-Prefix.pch";
				INFOPLIST_FILE = "intern-ios/intern-ios-Info.plist";
				PRODUCT_NAME = "$(TARGET_NAME)";
				WRAPPER_EXTENSION = app;
			};
			name = Release;
		};
		537D1C8414E9CEF600FAB625 /* Debug */ = {
			isa = XCBuildConfiguration;
			buildSettings = {
				ARCHS = "$(ARCHS_STANDARD_64_BIT)";
				DYLIB_COMPATIBILITY_VERSION = 1;
				DYLIB_CURRENT_VERSION = 1;
				FRAMEWORK_SEARCH_PATHS = (
					"$(inherited)",
					"\"$(DEVELOPER_FRAMEWORKS_DIR)\"",
				);
				FRAMEWORK_VERSION = A;
				GCC_ENABLE_OBJC_EXCEPTIONS = YES;
				GCC_PRECOMPILE_PREFIX_HEADER = YES;
				GCC_PREFIX_HEADER = "Intern/Intern-Prefix.pch";
				GCC_WARN_64_TO_32_BIT_CONVERSION = YES;
				INFOPLIST_FILE = "Intern/Intern-Info.plist";
				MACOSX_DEPLOYMENT_TARGET = 10.7;
				ONLY_ACTIVE_ARCH = YES;
				PRODUCT_NAME = "$(TARGET_NAME)";
				SDKROOT = macosx;
				WRAPPER_EXTENSION = framework;
			};
			name = Debug;
		};
		537D1C8514E9CEF600FAB625 /* Release */ = {
			isa = XCBuildConfiguration;
			buildSettings = {
				ARCHS = "$(ARCHS_STANDARD_64_BIT)";
				DEBUG_INFORMATION_FORMAT = "dwarf-with-dsym";
				DYLIB_COMPATIBILITY_VERSION = 1;
				DYLIB_CURRENT_VERSION = 1;
				FRAMEWORK_SEARCH_PATHS = (
					"$(inherited)",
					"\"$(DEVELOPER_FRAMEWORKS_DIR)\"",
				);
				FRAMEWORK_VERSION = A;
				GCC_ENABLE_OBJC_EXCEPTIONS = YES;
				GCC_PRECOMPILE_PREFIX_HEADER = YES;
				GCC_PREFIX_HEADER = "Intern/Intern-Prefix.pch";
				GCC_WARN_64_TO_32_BIT_CONVERSION = YES;
				INFOPLIST_FILE = "Intern/Intern-Info.plist";
				MACOSX_DEPLOYMENT_TARGET = 10.7;
				PRODUCT_NAME = "$(TARGET_NAME)";
				SDKROOT = macosx;
				WRAPPER_EXTENSION = framework;
			};
			name = Release;
		};
		537D1CA514E9CF1400FAB625 /* Debug */ = {
			isa = XCBuildConfiguration;
			buildSettings = {
				"CODE_SIGN_IDENTITY[sdk=iphoneos*]" = "iPhone Developer";
				FRAMEWORK_SEARCH_PATHS = (
					"$(inherited)",
					"\"$(SRCROOT)/lib\"",
				);
				GCC_PRECOMPILE_PREFIX_HEADER = YES;
				GCC_PREFIX_HEADER = "UnitTests/UnitTests-Prefix.pch";
				INFOPLIST_FILE = "UnitTests/UnitTests-Info.plist";
				OTHER_LDFLAGS = (
					"-all_load",
					"-ObjC",
				);
				PRODUCT_NAME = "$(TARGET_NAME)";
				WRAPPER_EXTENSION = app;
			};
			name = Debug;
		};
		537D1CA614E9CF1400FAB625 /* Release */ = {
			isa = XCBuildConfiguration;
			buildSettings = {
				"CODE_SIGN_IDENTITY[sdk=iphoneos*]" = "iPhone Developer";
				FRAMEWORK_SEARCH_PATHS = (
					"$(inherited)",
					"\"$(SRCROOT)/lib\"",
				);
				GCC_PRECOMPILE_PREFIX_HEADER = YES;
				GCC_PREFIX_HEADER = "UnitTests/UnitTests-Prefix.pch";
				INFOPLIST_FILE = "UnitTests/UnitTests-Info.plist";
				OTHER_LDFLAGS = (
					"-all_load",
					"-ObjC",
				);
				PRODUCT_NAME = "$(TARGET_NAME)";
				WRAPPER_EXTENSION = app;
			};
			name = Release;
		};
/* End XCBuildConfiguration section */

/* Begin XCConfigurationList section */
		53543B9614F71F5800326078 /* Build configuration list for PBXNativeTarget "InternIOS" */ = {
			isa = XCConfigurationList;
			buildConfigurations = (
				53543B9414F71F5800326078 /* Debug */,
				53543B9514F71F5800326078 /* Release */,
			);
			defaultConfigurationIsVisible = 0;
			defaultConfigurationName = Release;
		};
		537D1C4C14E9CEE400FAB625 /* Build configuration list for PBXProject "intern-ios" */ = {
			isa = XCConfigurationList;
			buildConfigurations = (
				537D1C6814E9CEE400FAB625 /* Debug */,
				537D1C6914E9CEE400FAB625 /* Release */,
			);
			defaultConfigurationIsVisible = 0;
			defaultConfigurationName = Release;
		};
		537D1C6A14E9CEE400FAB625 /* Build configuration list for PBXNativeTarget "intern-ios" */ = {
			isa = XCConfigurationList;
			buildConfigurations = (
				537D1C6B14E9CEE400FAB625 /* Debug */,
				537D1C6C14E9CEE400FAB625 /* Release */,
			);
			defaultConfigurationIsVisible = 0;
			defaultConfigurationName = Release;
		};
		537D1C8314E9CEF600FAB625 /* Build configuration list for PBXNativeTarget "Intern" */ = {
			isa = XCConfigurationList;
			buildConfigurations = (
				537D1C8414E9CEF600FAB625 /* Debug */,
				537D1C8514E9CEF600FAB625 /* Release */,
			);
			defaultConfigurationIsVisible = 0;
			defaultConfigurationName = Release;
		};
		537D1CA414E9CF1400FAB625 /* Build configuration list for PBXNativeTarget "UnitTests" */ = {
			isa = XCConfigurationList;
			buildConfigurations = (
				537D1CA514E9CF1400FAB625 /* Debug */,
				537D1CA614E9CF1400FAB625 /* Release */,
			);
			defaultConfigurationIsVisible = 0;
			defaultConfigurationName = Release;
		};
/* End XCConfigurationList section */

/* Begin XCVersionGroup section */
		536B0EED14F9BDA4004F98EF /* Model.xcdatamodeld */ = {
			isa = XCVersionGroup;
			children = (
				536B0EEE14F9BDA4004F98EF /* Model.xcdatamodel */,
			);
			currentVersion = 536B0EEE14F9BDA4004F98EF /* Model.xcdatamodel */;
			path = Model.xcdatamodeld;
			sourceTree = "<group>";
			versionGroupType = wrapper.xcdatamodel;
		};
/* End XCVersionGroup section */
	};
	rootObject = 537D1C4914E9CEE400FAB625 /* Project object */;
}
