// !$*UTF8*$!
{
	archiveVersion = 1;
	classes = {
	};
	objectVersion = 46;
	objects = {

/* Begin PBXBuildFile section */
		537D1C5714E9CEE400FAB625 /* UIKit.framework in Frameworks */ = {isa = PBXBuildFile; fileRef = 537D1C5614E9CEE400FAB625 /* UIKit.framework */; };
		537D1C5914E9CEE400FAB625 /* Foundation.framework in Frameworks */ = {isa = PBXBuildFile; fileRef = 537D1C5814E9CEE400FAB625 /* Foundation.framework */; };
		537D1C5B14E9CEE400FAB625 /* CoreGraphics.framework in Frameworks */ = {isa = PBXBuildFile; fileRef = 537D1C5A14E9CEE400FAB625 /* CoreGraphics.framework */; };
		537D1C6114E9CEE400FAB625 /* InfoPlist.strings in Resources */ = {isa = PBXBuildFile; fileRef = 537D1C5F14E9CEE400FAB625 /* InfoPlist.strings */; };
		537D1C6314E9CEE400FAB625 /* main.m in Sources */ = {isa = PBXBuildFile; fileRef = 537D1C6214E9CEE400FAB625 /* main.m */; };
		537D1C6714E9CEE400FAB625 /* AppDelegate.m in Sources */ = {isa = PBXBuildFile; fileRef = 537D1C6614E9CEE400FAB625 /* AppDelegate.m */; };
/* End PBXBuildFile section */

/* Begin PBXFileReference section */
		537D1C5214E9CEE400FAB625 /* intern-ios.app */ = {isa = PBXFileReference; explicitFileType = wrapper.application; includeInIndex = 0; path = "intern-ios.app"; sourceTree = BUILT_PRODUCTS_DIR; };
		537D1C5614E9CEE400FAB625 /* UIKit.framework */ = {isa = PBXFileReference; lastKnownFileType = wrapper.framework; name = UIKit.framework; path = System/Library/Frameworks/UIKit.framework; sourceTree = SDKROOT; };
		537D1C5814E9CEE400FAB625 /* Foundation.framework */ = {isa = PBXFileReference; lastKnownFileType = wrapper.framework; name = Foundation.framework; path = System/Library/Frameworks/Foundation.framework; sourceTree = SDKROOT; };
		537D1C5A14E9CEE400FAB625 /* CoreGraphics.framework */ = {isa = PBXFileReference; lastKnownFileType = wrapper.framework; name = CoreGraphics.framework; path = System/Library/Frameworks/CoreGraphics.framework; sourceTree = SDKROOT; };
		537D1C5E14E9CEE400FAB625 /* intern-ios-Info.plist */ = {isa = PBXFileReference; path = "intern-ios-Info.plist"; sourceTree = "<group>"; };
		537D1C6014E9CEE400FAB625 /* en */ = {isa = PBXFileReference; lastKnownFileType = text.plist.strings; name = en; path = en.lproj/InfoPlist.strings; sourceTree = "<group>"; };
		537D1C6214E9CEE400FAB625 /* main.m */ = {isa = PBXFileReference; lastKnownFileType = sourcecode.c.objc; path = main.m; sourceTree = "<group>"; };
		537D1C6414E9CEE400FAB625 /* intern-ios-Prefix.pch */ = {isa = PBXFileReference; path = "intern-ios-Prefix.pch"; sourceTree = "<group>"; };
		537D1C6514E9CEE400FAB625 /* AppDelegate.h */ = {isa = PBXFileReference; path = AppDelegate.h; sourceTree = "<group>"; };
		537D1C6614E9CEE400FAB625 /* AppDelegate.m */ = {isa = PBXFileReference; lastKnownFileType = sourcecode.c.objc; path = AppDelegate.m; sourceTree = "<group>"; };
/* End PBXFileReference section */

/* Begin PBXFrameworksBuildPhase section */
		537D1C4F14E9CEE400FAB625 /* Frameworks */ = {
			isa = PBXFrameworksBuildPhase;
			buildActionMask = 2147483647;
			files = (
				537D1C5714E9CEE400FAB625 /* UIKit.framework in Frameworks */,
				537D1C5914E9CEE400FAB625 /* Foundation.framework in Frameworks */,
				537D1C5B14E9CEE400FAB625 /* CoreGraphics.framework in Frameworks */,
			);
			runOnlyForDeploymentPostprocessing = 0;
		};
/* End PBXFrameworksBuildPhase section */

/* Begin PBXGroup section */
		537D1C4714E9CEE400FAB625 = {
			isa = PBXGroup;
			children = (
				537D1C5C14E9CEE400FAB625 /* intern-ios */,
				537D1C5514E9CEE400FAB625 /* Frameworks */,
				537D1C5314E9CEE400FAB625 /* Products */,
			);
			sourceTree = "<group>";
		};
		537D1C5314E9CEE400FAB625 /* Products */ = {
			isa = PBXGroup;
			children = (
				537D1C5214E9CEE400FAB625 /* intern-ios.app */,
			);
			name = Products;
			sourceTree = "<group>";
		};
		537D1C5514E9CEE400FAB625 /* Frameworks */ = {
			isa = PBXGroup;
			children = (
				537D1C5614E9CEE400FAB625 /* UIKit.framework */,
				537D1C5814E9CEE400FAB625 /* Foundation.framework */,
				537D1C5A14E9CEE400FAB625 /* CoreGraphics.framework */,
			);
			name = Frameworks;
			sourceTree = "<group>";
		};
		537D1C5C14E9CEE400FAB625 /* intern-ios */ = {
			isa = PBXGroup;
			children = (
				537D1C6514E9CEE400FAB625 /* AppDelegate.h */,
				537D1C6614E9CEE400FAB625 /* AppDelegate.m */,
				537D1C5D14E9CEE400FAB625 /* Supporting Files */,
			);
			path = "intern-ios";
			sourceTree = "<group>";
		};
		537D1C5D14E9CEE400FAB625 /* Supporting Files */ = {
			isa = PBXGroup;
			children = (
				537D1C5E14E9CEE400FAB625 /* intern-ios-Info.plist */,
				537D1C5F14E9CEE400FAB625 /* InfoPlist.strings */,
				537D1C6214E9CEE400FAB625 /* main.m */,
				537D1C6414E9CEE400FAB625 /* intern-ios-Prefix.pch */,
			);
			name = "Supporting Files";
			sourceTree = "<group>";
		};
/* End PBXGroup section */

/* Begin PBXNativeTarget section */
		537D1C5114E9CEE400FAB625 /* intern-ios */ = {
			isa = PBXNativeTarget;
			buildConfigurationList = 537D1C6A14E9CEE400FAB625 /* Build configuration list for PBXNativeTarget "intern-ios" */;
			buildPhases = (
				537D1C4E14E9CEE400FAB625 /* Sources */,
				537D1C4F14E9CEE400FAB625 /* Frameworks */,
				537D1C5014E9CEE400FAB625 /* Resources */,
			);
			buildRules = (
			);
			dependencies = (
			);
			name = "intern-ios";
			productName = "intern-ios";
			productReference = 537D1C5214E9CEE400FAB625 /* intern-ios.app */;
			productType = "com.apple.product-type.application";
		};
/* End PBXNativeTarget section */

/* Begin PBXProject section */
		537D1C4914E9CEE400FAB625 /* Project object */ = {
			isa = PBXProject;
			attributes = {
				LastUpgradeCheck = 0420;
			};
			buildConfigurationList = 537D1C4C14E9CEE400FAB625 /* Build configuration list for PBXProject "intern-ios" */;
			compatibilityVersion = "Xcode 3.2";
			developmentRegion = English;
			hasScannedForEncodings = 0;
			knownRegions = (
				en,
			);
			mainGroup = 537D1C4714E9CEE400FAB625;
			productRefGroup = 537D1C5314E9CEE400FAB625 /* Products */;
			projectDirPath = "";
			projectRoot = "";
			targets = (
				537D1C5114E9CEE400FAB625 /* intern-ios */,
			);
		};
/* End PBXProject section */

/* Begin PBXResourcesBuildPhase section */
		537D1C5014E9CEE400FAB625 /* Resources */ = {
			isa = PBXResourcesBuildPhase;
			buildActionMask = 2147483647;
			files = (
				537D1C6114E9CEE400FAB625 /* InfoPlist.strings in Resources */,
			);
			runOnlyForDeploymentPostprocessing = 0;
		};
/* End PBXResourcesBuildPhase section */

/* Begin PBXSourcesBuildPhase section */
		537D1C4E14E9CEE400FAB625 /* Sources */ = {
			isa = PBXSourcesBuildPhase;
			buildActionMask = 2147483647;
			files = (
				537D1C6314E9CEE400FAB625 /* main.m in Sources */,
				537D1C6714E9CEE400FAB625 /* AppDelegate.m in Sources */,
			);
			runOnlyForDeploymentPostprocessing = 0;
		};
/* End PBXSourcesBuildPhase section */

/* Begin PBXVariantGroup section */
		537D1C5F14E9CEE400FAB625 /* InfoPlist.strings */ = {
			isa = PBXVariantGroup;
			children = (
				537D1C6014E9CEE400FAB625 /* en */,
			);
			name = InfoPlist.strings;
			sourceTree = "<group>";
		};
/* End PBXVariantGroup section */

/* Begin XCBuildConfiguration section */
		537D1C6814E9CEE400FAB625 /* Debug */ = {
			isa = XCBuildConfiguration;
			buildSettings = {
				ALWAYS_SEARCH_USER_PATHS = NO;
				ARCHS = "$(ARCHS_STANDARD_32_BIT)";
				CLANG_ENABLE_OBJC_ARC = YES;
				"CODE_SIGN_IDENTITY[sdk=iphoneos*]" = "iPhone Developer";
				COPY_PHASE_STRIP = NO;
				GCC_C_LANGUAGE_STANDARD = gnu99;
				GCC_DYNAMIC_NO_PIC = NO;
				GCC_OPTIMIZATION_LEVEL = 0;
				GCC_PREPROCESSOR_DEFINITIONS = (
					"DEBUG=1",
					"$(inherited)",
				);
				GCC_SYMBOLS_PRIVATE_EXTERN = NO;
				GCC_VERSION = com.apple.compilers.llvm.clang.1_0;
				GCC_WARN_ABOUT_MISSING_PROTOTYPES = YES;
				GCC_WARN_ABOUT_RETURN_TYPE = YES;
				GCC_WARN_UNUSED_VARIABLE = YES;
				IPHONEOS_DEPLOYMENT_TARGET = 5.0;
				SDKROOT = iphoneos;
				TARGETED_DEVICE_FAMILY = "1,2";
			};
			name = Debug;
		};
		537D1C6914E9CEE400FAB625 /* Release */ = {
			isa = XCBuildConfiguration;
			buildSettings = {
				ALWAYS_SEARCH_USER_PATHS = NO;
				ARCHS = "$(ARCHS_STANDARD_32_BIT)";
				CLANG_ENABLE_OBJC_ARC = YES;
				"CODE_SIGN_IDENTITY[sdk=iphoneos*]" = "iPhone Developer";
				COPY_PHASE_STRIP = YES;
				GCC_C_LANGUAGE_STANDARD = gnu99;
				GCC_VERSION = com.apple.compilers.llvm.clang.1_0;
				GCC_WARN_ABOUT_MISSING_PROTOTYPES = YES;
				GCC_WARN_ABOUT_RETURN_TYPE = YES;
				GCC_WARN_UNUSED_VARIABLE = YES;
				IPHONEOS_DEPLOYMENT_TARGET = 5.0;
				OTHER_CFLAGS = "-DNS_BLOCK_ASSERTIONS=1";
				SDKROOT = iphoneos;
				TARGETED_DEVICE_FAMILY = "1,2";
				VALIDATE_PRODUCT = YES;
			};
			name = Release;
		};
		537D1C6B14E9CEE400FAB625 /* Debug */ = {
			isa = XCBuildConfiguration;
			buildSettings = {
				GCC_PRECOMPILE_PREFIX_HEADER = YES;
				GCC_PREFIX_HEADER = "intern-ios/intern-ios-Prefix.pch";
				INFOPLIST_FILE = "intern-ios/intern-ios-Info.plist";
				PRODUCT_NAME = "$(TARGET_NAME)";
				WRAPPER_EXTENSION = app;
			};
			name = Debug;
		};
		537D1C6C14E9CEE400FAB625 /* Release */ = {
			isa = XCBuildConfiguration;
			buildSettings = {
				GCC_PRECOMPILE_PREFIX_HEADER = YES;
				GCC_PREFIX_HEADER = "intern-ios/intern-ios-Prefix.pch";
				INFOPLIST_FILE = "intern-ios/intern-ios-Info.plist";
				PRODUCT_NAME = "$(TARGET_NAME)";
				WRAPPER_EXTENSION = app;
			};
			name = Release;
		};
/* End XCBuildConfiguration section */

/* Begin XCConfigurationList section */
		537D1C4C14E9CEE400FAB625 /* Build configuration list for PBXProject "intern-ios" */ = {
			isa = XCConfigurationList;
			buildConfigurations = (
				537D1C6814E9CEE400FAB625 /* Debug */,
				537D1C6914E9CEE400FAB625 /* Release */,
			);
			defaultConfigurationIsVisible = 0;
			defaultConfigurationName = Release;
		};
		537D1C6A14E9CEE400FAB625 /* Build configuration list for PBXNativeTarget "intern-ios" */ = {
			isa = XCConfigurationList;
			buildConfigurations = (
				537D1C6B14E9CEE400FAB625 /* Debug */,
				537D1C6C14E9CEE400FAB625 /* Release */,
			);
			defaultConfigurationIsVisible = 0;
		};
/* End XCConfigurationList section */
	};
	rootObject = 537D1C4914E9CEE400FAB625 /* Project object */;
}
